
Microsoft Visual Studio Solution File, Format Version 12.00
# Visual Studio 15
VisualStudioVersion = 15.0.28307.168
MinimumVisualStudioVersion = 10.0.40219.1
Project("{FAE04EC0-301F-11D3-BF4B-00C04F79EFBC}") = "GoldFlower", "GoldFlower\GoldFlower.csproj", "{D65EBEC3-7A27-4196-B314-D40C161C8500}"
EndProject
Project("{2150E333-8FDC-42A3-9474-1A3956D46DE8}") = "Libs", "Libs", "{FB5A8DD2-A037-4742-BB72-14D9FCC8B5EC}"
EndProject
Project("{FAE04EC0-301F-11D3-BF4B-00C04F79EFBC}") = "Goldtree", "Goldtree\Goldtree.csproj", "{C99C8542-74F4-419A-877B-51E4A2F26285}"
EndProject
Global
	GlobalSection(SolutionConfigurationPlatforms) = preSolution
		Debug|Any CPU = Debug|Any CPU
		Release|Any CPU = Release|Any CPU
	EndGlobalSection
	GlobalSection(ProjectConfigurationPlatforms) = postSolution
		{D65EBEC3-7A27-4196-B314-D40C161C8500}.Debug|Any CPU.ActiveCfg = Debug|Any CPU
		{D65EBEC3-7A27-4196-B314-D40C161C8500}.Debug|Any CPU.Build.0 = Debug|Any CPU
		{D65EBEC3-7A27-4196-B314-D40C161C8500}.Release|Any CPU.ActiveCfg = Release|Any CPU
		{D65EBEC3-7A27-4196-B314-D40C161C8500}.Release|Any CPU.Build.0 = Release|Any CPU
		{C99C8542-74F4-419A-877B-51E4A2F26285}.Debug|Any CPU.ActiveCfg = Debug|Any CPU
		{C99C8542-74F4-419A-877B-51E4A2F26285}.Debug|Any CPU.Build.0 = Debug|Any CPU
		{C99C8542-74F4-419A-877B-51E4A2F26285}.Release|Any CPU.ActiveCfg = Release|Any CPU
		{C99C8542-74F4-419A-877B-51E4A2F26285}.Release|Any CPU.Build.0 = Release|Any CPU
	EndGlobalSection
	GlobalSection(SolutionProperties) = preSolution
		HideSolutionNode = FALSE
	EndGlobalSection
	GlobalSection(NestedProjects) = preSolution
		{C99C8542-74F4-419A-877B-51E4A2F26285} = {FB5A8DD2-A037-4742-BB72-14D9FCC8B5EC}
	EndGlobalSection
	GlobalSection(ExtensibilityGlobals) = postSolution
		SolutionGuid = {1DB6369B-E08C-401E-9346-ACAB9C70596D}
	EndGlobalSection
EndGlobal
